// !$*UTF8*$!
{
	archiveVersion = 1;
	classes = {
	};
	objectVersion = 77;
	objects = {

/* Begin PBXBuildFile section */
		851DF131707041D7A7BC0E7F /* ResultView.swift in Sources */ = {isa = PBXBuildFile; fileRef = 8AFDC80460A8462296956B6B /* ResultView.swift */; };
		EFF1481D9E204A54897920A8 /* ResultViewController.swift in Sources */ = {isa = PBXBuildFile; fileRef = 1BB3A36CBF14457B97A04DD1 /* ResultViewController.swift */; };
		FA03D594AA9889A0780A4B49 /* AppSettings.swift in Sources */ = {isa = PBXBuildFile; fileRef = FA5D95FB0C05044CC69949E2 /* AppSettings.swift */; };
		FA0CA761B09B0DEB63CF0685 /* gameover.wav in Resources */ = {isa = PBXBuildFile; fileRef = FA2F03393FA0F5AB3118B111 /* gameover.wav */; };
		FA0DD0013011041500A6298C /* Int + Ext.swift in Sources */ = {isa = PBXBuildFile; fileRef = FA0DD0003011041500A6298C /* Int + Ext.swift */; };
		FA0DD00730110F5500A6298C /* OfflineQuestionProvider.swift in Sources */ = {isa = PBXBuildFile; fileRef = FA0DD00630110F5500A6298C /* OfflineQuestionProvider.swift */; };
		FA0DD00C3012948300A6298C /* QuizCategory.swift in Sources */ = {isa = PBXBuildFile; fileRef = FA0DD00B3012948300A6298C /* QuizCategory.swift */; };
		FA0DD00E3012949D00A6298C /* CategoryCell.swift in Sources */ = {isa = PBXBuildFile; fileRef = FA0DD00D3012949D00A6298C /* CategoryCell.swift */; };
		FA0DD010301294AC00A6298C /* CategoryViewController.swift in Sources */ = {isa = PBXBuildFile; fileRef = FA0DD00F301294AC00A6298C /* CategoryViewController.swift */; };
		FA0DD012301294BE00A6298C /* CategoryView.swift in Sources */ = {isa = PBXBuildFile; fileRef = FA0DD011301294BE00A6298C /* CategoryView.swift */; };
		FA0DD04D3012A7B100A6298C /* StatisticsViewController.swift in Sources */ = {isa = PBXBuildFile; fileRef = FA0DD04C3012A7B100A6298C /* StatisticsViewController.swift */; };
		FA0DD04F3012A7C400A6298C /* QuizStats.swift in Sources */ = {isa = PBXBuildFile; fileRef = FA0DD04E3012A7C400A6298C /* QuizStats.swift */; };
		FA0DD0513012A7CC00A6298C /* StatisticsView.swift in Sources */ = {isa = PBXBuildFile; fileRef = FA0DD0503012A7CC00A6298C /* StatisticsView.swift */; };
		FA0DD1013020000000A6298C /* Localizable.xcstrings in Resources */ = {isa = PBXBuildFile; fileRef = FA0DD1003020000000A6298C /* Localizable.xcstrings */; };
		FA0DD1033020100000A6298C /* PrivacyInfo.xcprivacy in Resources */ = {isa = PBXBuildFile; fileRef = FA0DD1023020100000A6298C /* PrivacyInfo.xcprivacy */; };
		FA0DD1113021100000A6298C /* UIView + Ext.swift in Sources */ = {isa = PBXBuildFile; fileRef = FA0DD1103021100000A6298C /* UIView + Ext.swift */; };
		FA0DD1203021200000A6298C /* AppLanguage.swift in Sources */ = {isa = PBXBuildFile; fileRef = FA0DD1213021200000A6298C /* AppLanguage.swift */; };
		FA0DD1223021200000A6298C /* SettingsView.swift in Sources */ = {isa = PBXBuildFile; fileRef = FA0DD1233021200000A6298C /* SettingsView.swift */; };
		FA0DD1243021200000A6298C /* SettingsViewController.swift in Sources */ = {isa = PBXBuildFile; fileRef = FA0DD1253021200000A6298C /* SettingsViewController.swift */; };
		FA0DD1263021200000A6298C /* offline_questions_en.json in Resources */ = {isa = PBXBuildFile; fileRef = FA0DD1273021200000A6298C /* offline_questions_en.json */; };
		FA0DD1283021200000A6298C /* offline_questions_ru.json in Resources */ = {isa = PBXBuildFile; fileRef = FA0DD1293021200000A6298C /* offline_questions_ru.json */; };
		FA151414EAF9C9A89FA974D8 /* Achievement.swift in Sources */ = {isa = PBXBuildFile; fileRef = FA98AEE3197088B1A9195266 /* Achievement.swift */; };
		FA31E6BC52C157C87B67283B /* tick.wav in Resources */ = {isa = PBXBuildFile; fileRef = FA33E1CD80F246CCF7748FA0 /* tick.wav */; };
		FA465CEF3049747900F6F4E8 /* ScrollableCardsView.swift in Sources */ = {isa = PBXBuildFile; fileRef = FA465CEE3049747900F6F4E8 /* ScrollableCardsView.swift */; };
		FA465CF13049748900F6F4E8 /* UIButton + Ext.swift in Sources */ = {isa = PBXBuildFile; fileRef = FA465CF03049748900F6F4E8 /* UIButton + Ext.swift */; };
		FA465CF33049BD2300F6F4E8 /* QuestionSource.swift in Sources */ = {isa = PBXBuildFile; fileRef = FA465CF23049BD2300F6F4E8 /* QuestionSource.swift */; };
		FA465CF53049BD3E00F6F4E8 /* OnboardingView.swift in Sources */ = {isa = PBXBuildFile; fileRef = FA465CF43049BD3E00F6F4E8 /* OnboardingView.swift */; };
		FA465CF83049BD4F00F6F4E8 /* SourceInfoViewController.swift in Sources */ = {isa = PBXBuildFile; fileRef = FA465CF73049BD4F00F6F4E8 /* SourceInfoViewController.swift */; };
		FA465CF93049BD4F00F6F4E8 /* OnboardingViewController.swift in Sources */ = {isa = PBXBuildFile; fileRef = FA465CF63049BD4F00F6F4E8 /* OnboardingViewController.swift */; };
		FA465CFB3049BD6500F6F4E8 /* SourceInfoView.swift in Sources */ = {isa = PBXBuildFile; fileRef = FA465CFA3049BD6500F6F4E8 /* SourceInfoView.swift */; };
		FA4DACF7BB7A804F7B81AD98 /* SoundPlayer.swift in Sources */ = {isa = PBXBuildFile; fileRef = FA9B85826E889AB82A5DF36D /* SoundPlayer.swift */; };
		FA87D67B2FEE55C600E6E8A4 /* QuizGame.swift in Sources */ = {isa = PBXBuildFile; fileRef = FA87D67A2FEE55C600E6E8A4 /* QuizGame.swift */; };
		FA9BB73371665DAB12C9F446 /* correct.wav in Resources */ = {isa = PBXBuildFile; fileRef = FAE2A10E4D046E0EB6AFB52C /* correct.wav */; };
		FACD296C6A42731EC14E68CD /* Haptics.swift in Sources */ = {isa = PBXBuildFile; fileRef = FAB7A8404FE3AF7D695769FE /* Haptics.swift */; };
		FAE0AEEE2F88D66800235B83 /* AnswerCell.swift in Sources */ = {isa = PBXBuildFile; fileRef = FAE0AED72F88D66800235B83 /* AnswerCell.swift */; };
		FAE0AEEF2F88D66800235B83 /* GameViewController.swift in Sources */ = {isa = PBXBuildFile; fileRef = FAE0AED92F88D66800235B83 /* GameViewController.swift */; };
		FAE0AEF02F88D66800235B83 /* MenuController.swift in Sources */ = {isa = PBXBuildFile; fileRef = FAE0AEDA2F88D66800235B83 /* MenuController.swift */; };
		FAE0AEF12F88D66800235B83 /* Label + Ext.swift in Sources */ = {isa = PBXBuildFile; fileRef = FAE0AEDC2F88D66800235B83 /* Label + Ext.swift */; };
		FAE0AEF22F88D66800235B83 /* UiColor.swift in Sources */ = {isa = PBXBuildFile; fileRef = FAE0AEDD2F88D66800235B83 /* UiColor.swift */; };
		FAE0AEF32F88D66800235B83 /* Question.swift in Sources */ = {isa = PBXBuildFile; fileRef = FAE0AEDF2F88D66800235B83 /* Question.swift */; };
		FAE0AEF42F88D66800235B83 /* APIClient.swift in Sources */ = {isa = PBXBuildFile; fileRef = FAE0AEE12F88D66800235B83 /* APIClient.swift */; };
		FAE0AEF52F88D66800235B83 /* APIError.swift in Sources */ = {isa = PBXBuildFile; fileRef = FAE0AEE22F88D66800235B83 /* APIError.swift */; };
		FAE0AEF62F88D66800235B83 /* QuestionNetworkService.swift in Sources */ = {isa = PBXBuildFile; fileRef = FAE0AEE32F88D66800235B83 /* QuestionNetworkService.swift */; };
		FAE0AEF72F88D66800235B83 /* GameView.swift in Sources */ = {isa = PBXBuildFile; fileRef = FAE0AEE52F88D66800235B83 /* GameView.swift */; };
		FAE0AEF82F88D66800235B83 /* MenuView.swift in Sources */ = {isa = PBXBuildFile; fileRef = FAE0AEE62F88D66800235B83 /* MenuView.swift */; };
		FAE0AEF92F88D66800235B83 /* AppDelegate.swift in Sources */ = {isa = PBXBuildFile; fileRef = FAE0AEE82F88D66800235B83 /* AppDelegate.swift */; };
		FAE0AEFA2F88D66800235B83 /* SceneDelegate.swift in Sources */ = {isa = PBXBuildFile; fileRef = FAE0AEEC2F88D66800235B83 /* SceneDelegate.swift */; };
		FAE0AEFB2F88D66800235B83 /* Assets.xcassets in Resources */ = {isa = PBXBuildFile; fileRef = FAE0AEE92F88D66800235B83 /* Assets.xcassets */; };
		FAE0AEFD2F88D66800235B83 /* Montserrat-VariableFont_wght.ttf in Resources */ = {isa = PBXBuildFile; fileRef = FAE0AEEB2F88D66800235B83 /* Montserrat-VariableFont_wght.ttf */; };
		FAE0AEFF2F88D94E00235B83 /* NetworkModel.swift in Sources */ = {isa = PBXBuildFile; fileRef = FAE0AEFE2F88D94E00235B83 /* NetworkModel.swift */; };
		FAECE335515DE2058E5C828C /* wrong.wav in Resources */ = {isa = PBXBuildFile; fileRef = FA346137C36FA9BF8B80DC20 /* wrong.wav */; };
		FAF1125ECB7D6B0276736562 /* AppLinks.swift in Sources */ = {isa = PBXBuildFile; fileRef = FA99835001A78885D74D9E63 /* AppLinks.swift */; };
/* End PBXBuildFile section */

/* Begin PBXContainerItemProxy section */
		96E2333B303E136F00FF3A36 /* PBXContainerItemProxy */ = {
			isa = PBXContainerItemProxy;
			containerPortal = E951B6262EA502B300526083 /* Project object */;
			proxyType = 1;
			remoteGlobalIDString = E951B62D2EA502B300526083;
			remoteInfo = OhLuckyQuiz;
		};
/* End PBXContainerItemProxy section */

/* Begin PBXFileReference section */
		1BB3A36CBF14457B97A04DD1 /* ResultViewController.swift */ = {isa = PBXFileReference; lastKnownFileType = sourcecode.swift; path = ResultViewController.swift; sourceTree = "<group>"; };
		8AFDC80460A8462296956B6B /* ResultView.swift */ = {isa = PBXFileReference; lastKnownFileType = sourcecode.swift; path = ResultView.swift; sourceTree = "<group>"; };
		96E23337303E136F00FF3A36 /* OhLuckyQuizTests.xctest */ = {isa = PBXFileReference; explicitFileType = wrapper.cfbundle; includeInIndex = 0; path = OhLuckyQuizTests.xctest; sourceTree = BUILT_PRODUCTS_DIR; };
		E951B62E2EA502B300526083 /* OhLuckyQuiz.app */ = {isa = PBXFileReference; explicitFileType = wrapper.application; includeInIndex = 0; path = OhLuckyQuiz.app; sourceTree = BUILT_PRODUCTS_DIR; };
		FA0DD0003011041500A6298C /* Int + Ext.swift */ = {isa = PBXFileReference; lastKnownFileType = sourcecode.swift; path = "Int + Ext.swift"; sourceTree = "<group>"; };
		FA0DD00630110F5500A6298C /* OfflineQuestionProvider.swift */ = {isa = PBXFileReference; lastKnownFileType = sourcecode.swift; path = OfflineQuestionProvider.swift; sourceTree = "<group>"; };
		FA0DD00B3012948300A6298C /* QuizCategory.swift */ = {isa = PBXFileReference; lastKnownFileType = sourcecode.swift; path = QuizCategory.swift; sourceTree = "<group>"; };
		FA0DD00D3012949D00A6298C /* CategoryCell.swift */ = {isa = PBXFileReference; lastKnownFileType = sourcecode.swift; path = CategoryCell.swift; sourceTree = "<group>"; };
		FA0DD00F301294AC00A6298C /* CategoryViewController.swift */ = {isa = PBXFileReference; lastKnownFileType = sourcecode.swift; path = CategoryViewController.swift; sourceTree = "<group>"; };
		FA0DD011301294BE00A6298C /* CategoryView.swift */ = {isa = PBXFileReference; lastKnownFileType = sourcecode.swift; path = CategoryView.swift; sourceTree = "<group>"; };
		FA0DD04C3012A7B100A6298C /* StatisticsViewController.swift */ = {isa = PBXFileReference; lastKnownFileType = sourcecode.swift; path = StatisticsViewController.swift; sourceTree = "<group>"; };
		FA0DD04E3012A7C400A6298C /* QuizStats.swift */ = {isa = PBXFileReference; lastKnownFileType = sourcecode.swift; path = QuizStats.swift; sourceTree = "<group>"; };
		FA0DD0503012A7CC00A6298C /* StatisticsView.swift */ = {isa = PBXFileReference; lastKnownFileType = sourcecode.swift; path = StatisticsView.swift; sourceTree = "<group>"; };
		FA0DD1003020000000A6298C /* Localizable.xcstrings */ = {isa = PBXFileReference; lastKnownFileType = text.json.xcstrings; path = Localizable.xcstrings; sourceTree = "<group>"; };
		FA0DD1023020100000A6298C /* PrivacyInfo.xcprivacy */ = {isa = PBXFileReference; lastKnownFileType = text.xml; path = PrivacyInfo.xcprivacy; sourceTree = "<group>"; };
		FA0DD1103021100000A6298C /* UIView + Ext.swift */ = {isa = PBXFileReference; lastKnownFileType = sourcecode.swift; path = "UIView + Ext.swift"; sourceTree = "<group>"; };
		FA0DD1213021200000A6298C /* AppLanguage.swift */ = {isa = PBXFileReference; lastKnownFileType = sourcecode.swift; path = AppLanguage.swift; sourceTree = "<group>"; };
		FA0DD1233021200000A6298C /* SettingsView.swift */ = {isa = PBXFileReference; lastKnownFileType = sourcecode.swift; path = SettingsView.swift; sourceTree = "<group>"; };
		FA0DD1253021200000A6298C /* SettingsViewController.swift */ = {isa = PBXFileReference; lastKnownFileType = sourcecode.swift; path = SettingsViewController.swift; sourceTree = "<group>"; };
		FA0DD1273021200000A6298C /* offline_questions_en.json */ = {isa = PBXFileReference; lastKnownFileType = text.json; path = offline_questions_en.json; sourceTree = "<group>"; };
		FA0DD1293021200000A6298C /* offline_questions_ru.json */ = {isa = PBXFileReference; lastKnownFileType = text.json; path = offline_questions_ru.json; sourceTree = "<group>"; };
		FA2F03393FA0F5AB3118B111 /* gameover.wav */ = {isa = PBXFileReference; lastKnownFileType = audio.wav; path = gameover.wav; sourceTree = "<group>"; };
		FA33E1CD80F246CCF7748FA0 /* tick.wav */ = {isa = PBXFileReference; lastKnownFileType = audio.wav; path = tick.wav; sourceTree = "<group>"; };
		FA346137C36FA9BF8B80DC20 /* wrong.wav */ = {isa = PBXFileReference; lastKnownFileType = audio.wav; path = wrong.wav; sourceTree = "<group>"; };
		FA3571C71F9EF4ADA71B7DA9 /* CREDITS.txt */ = {isa = PBXFileReference; lastKnownFileType = text; path = CREDITS.txt; sourceTree = "<group>"; };
		FA465CEE3049747900F6F4E8 /* ScrollableCardsView.swift */ = {isa = PBXFileReference; lastKnownFileType = sourcecode.swift; path = ScrollableCardsView.swift; sourceTree = "<group>"; };
		FA465CF03049748900F6F4E8 /* UIButton + Ext.swift */ = {isa = PBXFileReference; lastKnownFileType = sourcecode.swift; path = "UIButton + Ext.swift"; sourceTree = "<group>"; };
		FA465CF23049BD2300F6F4E8 /* QuestionSource.swift */ = {isa = PBXFileReference; lastKnownFileType = sourcecode.swift; path = QuestionSource.swift; sourceTree = "<group>"; };
		FA465CF43049BD3E00F6F4E8 /* OnboardingView.swift */ = {isa = PBXFileReference; lastKnownFileType = sourcecode.swift; path = OnboardingView.swift; sourceTree = "<group>"; };
		FA465CF63049BD4F00F6F4E8 /* OnboardingViewController.swift */ = {isa = PBXFileReference; lastKnownFileType = sourcecode.swift; path = OnboardingViewController.swift; sourceTree = "<group>"; };
		FA465CF73049BD4F00F6F4E8 /* SourceInfoViewController.swift */ = {isa = PBXFileReference; lastKnownFileType = sourcecode.swift; path = SourceInfoViewController.swift; sourceTree = "<group>"; };
		FA465CFA3049BD6500F6F4E8 /* SourceInfoView.swift */ = {isa = PBXFileReference; lastKnownFileType = sourcecode.swift; path = SourceInfoView.swift; sourceTree = "<group>"; };
		FA5D95FB0C05044CC69949E2 /* AppSettings.swift */ = {isa = PBXFileReference; lastKnownFileType = sourcecode.swift; path = AppSettings.swift; sourceTree = "<group>"; };
		FA87D67A2FEE55C600E6E8A4 /* QuizGame.swift */ = {isa = PBXFileReference; lastKnownFileType = sourcecode.swift; path = QuizGame.swift; sourceTree = "<group>"; };
		FA98AEE3197088B1A9195266 /* Achievement.swift */ = {isa = PBXFileReference; lastKnownFileType = sourcecode.swift; path = Achievement.swift; sourceTree = "<group>"; };
		FA99835001A78885D74D9E63 /* AppLinks.swift */ = {isa = PBXFileReference; lastKnownFileType = sourcecode.swift; path = AppLinks.swift; sourceTree = "<group>"; };
		FA9B85826E889AB82A5DF36D /* SoundPlayer.swift */ = {isa = PBXFileReference; lastKnownFileType = sourcecode.swift; path = SoundPlayer.swift; sourceTree = "<group>"; };
		FAB7A8404FE3AF7D695769FE /* Haptics.swift */ = {isa = PBXFileReference; lastKnownFileType = sourcecode.swift; path = Haptics.swift; sourceTree = "<group>"; };
		FAE0AED72F88D66800235B83 /* AnswerCell.swift */ = {isa = PBXFileReference; lastKnownFileType = sourcecode.swift; path = AnswerCell.swift; sourceTree = "<group>"; };
		FAE0AED92F88D66800235B83 /* GameViewController.swift */ = {isa = PBXFileReference; lastKnownFileType = sourcecode.swift; path = GameViewController.swift; sourceTree = "<group>"; };
		FAE0AEDA2F88D66800235B83 /* MenuController.swift */ = {isa = PBXFileReference; lastKnownFileType = sourcecode.swift; path = MenuController.swift; sourceTree = "<group>"; };
		FAE0AEDC2F88D66800235B83 /* Label + Ext.swift */ = {isa = PBXFileReference; lastKnownFileType = sourcecode.swift; path = "Label + Ext.swift"; sourceTree = "<group>"; };
		FAE0AEDD2F88D66800235B83 /* UiColor.swift */ = {isa = PBXFileReference; lastKnownFileType = sourcecode.swift; path = UiColor.swift; sourceTree = "<group>"; };
		FAE0AEDF2F88D66800235B83 /* Question.swift */ = {isa = PBXFileReference; lastKnownFileType = sourcecode.swift; path = Question.swift; sourceTree = "<group>"; };
		FAE0AEE12F88D66800235B83 /* APIClient.swift */ = {isa = PBXFileReference; lastKnownFileType = sourcecode.swift; path = APIClient.swift; sourceTree = "<group>"; };
		FAE0AEE22F88D66800235B83 /* APIError.swift */ = {isa = PBXFileReference; lastKnownFileType = sourcecode.swift; path = APIError.swift; sourceTree = "<group>"; };
		FAE0AEE32F88D66800235B83 /* QuestionNetworkService.swift */ = {isa = PBXFileReference; lastKnownFileType = sourcecode.swift; path = QuestionNetworkService.swift; sourceTree = "<group>"; };
		FAE0AEE52F88D66800235B83 /* GameView.swift */ = {isa = PBXFileReference; lastKnownFileType = sourcecode.swift; path = GameView.swift; sourceTree = "<group>"; };
		FAE0AEE62F88D66800235B83 /* MenuView.swift */ = {isa = PBXFileReference; lastKnownFileType = sourcecode.swift; path = MenuView.swift; sourceTree = "<group>"; };
		FAE0AEE82F88D66800235B83 /* AppDelegate.swift */ = {isa = PBXFileReference; lastKnownFileType = sourcecode.swift; path = AppDelegate.swift; sourceTree = "<group>"; };
		FAE0AEE92F88D66800235B83 /* Assets.xcassets */ = {isa = PBXFileReference; lastKnownFileType = folder.assetcatalog; path = Assets.xcassets; sourceTree = "<group>"; };
		FAE0AEEA2F88D66800235B83 /* Info.plist */ = {isa = PBXFileReference; lastKnownFileType = text.plist.xml; path = Info.plist; sourceTree = "<group>"; };
		FAE0AEEB2F88D66800235B83 /* Montserrat-VariableFont_wght.ttf */ = {isa = PBXFileReference; lastKnownFileType = file; path = "Montserrat-VariableFont_wght.ttf"; sourceTree = "<group>"; };
		FAE0AEEC2F88D66800235B83 /* SceneDelegate.swift */ = {isa = PBXFileReference; lastKnownFileType = sourcecode.swift; path = SceneDelegate.swift; sourceTree = "<group>"; };
		FAE0AEFE2F88D94E00235B83 /* NetworkModel.swift */ = {isa = PBXFileReference; lastKnownFileType = sourcecode.swift; path = NetworkModel.swift; sourceTree = "<group>"; };
		FAE2A10E4D046E0EB6AFB52C /* correct.wav */ = {isa = PBXFileReference; lastKnownFileType = audio.wav; path = correct.wav; sourceTree = "<group>"; };
/* End PBXFileReference section */

/* Begin PBXFileSystemSynchronizedRootGroup section */
		96E23338303E136F00FF3A36 /* OhLuckyQuizTests */ = {
			isa = PBXFileSystemSynchronizedRootGroup;
			path = OhLuckyQuizTests;
			sourceTree = "<group>";
		};
/* End PBXFileSystemSynchronizedRootGroup section */

/* Begin PBXFrameworksBuildPhase section */
		96E23334303E136F00FF3A36 /* Frameworks */ = {
			isa = PBXFrameworksBuildPhase;
			buildActionMask = 2147483647;
			files = (
			);
			runOnlyForDeploymentPostprocessing = 0;
		};
		E951B62B2EA502B300526083 /* Frameworks */ = {
			isa = PBXFrameworksBuildPhase;
			buildActionMask = 2147483647;
			files = (
			);
			runOnlyForDeploymentPostprocessing = 0;
		};
/* End PBXFrameworksBuildPhase section */

/* Begin PBXGroup section */
		E951B6252EA502B300526083 = {
			isa = PBXGroup;
			children = (
				FAE0AEED2F88D66800235B83 /* OhLuckyQuiz */,
				96E23338303E136F00FF3A36 /* OhLuckyQuizTests */,
				E951B62F2EA502B300526083 /* Products */,
			);
			sourceTree = "<group>";
		};
		E951B62F2EA502B300526083 /* Products */ = {
			isa = PBXGroup;
			children = (
				E951B62E2EA502B300526083 /* OhLuckyQuiz.app */,
				96E23337303E136F00FF3A36 /* OhLuckyQuizTests.xctest */,
			);
			name = Products;
			sourceTree = "<group>";
		};
		FA0DD009301111FF00A6298C /* Resources */ = {
			isa = PBXGroup;
			children = (
				FA0DD1273021200000A6298C /* offline_questions_en.json */,
				FA3DEC50666866D0ED70E64D /* Sounds */,
				FA0DD1293021200000A6298C /* offline_questions_ru.json */,
			);
			path = Resources;
			sourceTree = "<group>";
		};
		FA3DEC50666866D0ED70E64D /* Sounds */ = {
			isa = PBXGroup;
			children = (
				FAE2A10E4D046E0EB6AFB52C /* correct.wav */,
				FA2F03393FA0F5AB3118B111 /* gameover.wav */,
				FA33E1CD80F246CCF7748FA0 /* tick.wav */,
				FA346137C36FA9BF8B80DC20 /* wrong.wav */,
				FA3571C71F9EF4ADA71B7DA9 /* CREDITS.txt */,
			);
			path = Sounds;
			sourceTree = "<group>";
		};
		FAE0AED82F88D66800235B83 /* Components */ = {
			isa = PBXGroup;
			children = (
				FA0DD00D3012949D00A6298C /* CategoryCell.swift */,
				FAE0AED72F88D66800235B83 /* AnswerCell.swift */,
			);
			path = Components;
			sourceTree = "<group>";
		};
		FAE0AEDB2F88D66800235B83 /* Controller */ = {
			isa = PBXGroup;
			children = (
				FA465CF63049BD4F00F6F4E8 /* OnboardingViewController.swift */,
				FA465CF73049BD4F00F6F4E8 /* SourceInfoViewController.swift */,
				FA0DD04C3012A7B100A6298C /* StatisticsViewController.swift */,
				FA0DD00F301294AC00A6298C /* CategoryViewController.swift */,
				FAE0AED92F88D66800235B83 /* GameViewController.swift */,
				FAE0AEDA2F88D66800235B83 /* MenuController.swift */,
				FA0DD1253021200000A6298C /* SettingsViewController.swift */,
				1BB3A36CBF14457B97A04DD1 /* ResultViewController.swift */,
			);
			path = Controller;
			sourceTree = "<group>";
		};
		FAE0AEDE2F88D66800235B83 /* Extensions */ = {
			isa = PBXGroup;
			children = (
				FA465CF03049748900F6F4E8 /* UIButton + Ext.swift */,
				FA0DD0003011041500A6298C /* Int + Ext.swift */,
				FAE0AEDC2F88D66800235B83 /* Label + Ext.swift */,
				FA0DD1103021100000A6298C /* UIView + Ext.swift */,
				FAE0AEDD2F88D66800235B83 /* UiColor.swift */,
			);
			path = Extensions;
			sourceTree = "<group>";
		};
		FAE0AEE02F88D66800235B83 /* Model */ = {
			isa = PBXGroup;
			children = (
				FA465CF23049BD2300F6F4E8 /* QuestionSource.swift */,
				FA99835001A78885D74D9E63 /* AppLinks.swift */,
				FA98AEE3197088B1A9195266 /* Achievement.swift */,
				FAB7A8404FE3AF7D695769FE /* Haptics.swift */,
				FA9B85826E889AB82A5DF36D /* SoundPlayer.swift */,
				FA5D95FB0C05044CC69949E2 /* AppSettings.swift */,
				FA0DD04E3012A7C400A6298C /* QuizStats.swift */,
				FA0DD00B3012948300A6298C /* QuizCategory.swift */,
				FA0DD1213021200000A6298C /* AppLanguage.swift */,
				FAE0AEDF2F88D66800235B83 /* Question.swift */,
				FAE0AEFE2F88D94E00235B83 /* NetworkModel.swift */,
				FA87D67A2FEE55C600E6E8A4 /* QuizGame.swift */,
			);
			path = Model;
			sourceTree = "<group>";
		};
		FAE0AEE42F88D66800235B83 /* Networking */ = {
			isa = PBXGroup;
			children = (
				FA0DD00630110F5500A6298C /* OfflineQuestionProvider.swift */,
				FAE0AEE12F88D66800235B83 /* APIClient.swift */,
				FAE0AEE22F88D66800235B83 /* APIError.swift */,
				FAE0AEE32F88D66800235B83 /* QuestionNetworkService.swift */,
			);
			path = Networking;
			sourceTree = "<group>";
		};
		FAE0AEE72F88D66800235B83 /* View */ = {
			isa = PBXGroup;
			children = (
				FA465CFA3049BD6500F6F4E8 /* SourceInfoView.swift */,
				FA465CF43049BD3E00F6F4E8 /* OnboardingView.swift */,
				FA465CEE3049747900F6F4E8 /* ScrollableCardsView.swift */,
				FA0DD0503012A7CC00A6298C /* StatisticsView.swift */,
				FA0DD011301294BE00A6298C /* CategoryView.swift */,
				FAE0AEE52F88D66800235B83 /* GameView.swift */,
				FAE0AEE62F88D66800235B83 /* MenuView.swift */,
				FA0DD1233021200000A6298C /* SettingsView.swift */,
				8AFDC80460A8462296956B6B /* ResultView.swift */,
			);
			path = View;
			sourceTree = "<group>";
		};
		FAE0AEED2F88D66800235B83 /* OhLuckyQuiz */ = {
			isa = PBXGroup;
			children = (
				FA0DD009301111FF00A6298C /* Resources */,
				FAE0AEE82F88D66800235B83 /* AppDelegate.swift */,
				FAE0AEEC2F88D66800235B83 /* SceneDelegate.swift */,
				FAE0AED82F88D66800235B83 /* Components */,
				FAE0AEDB2F88D66800235B83 /* Controller */,
				FAE0AEDE2F88D66800235B83 /* Extensions */,
				FAE0AEE42F88D66800235B83 /* Networking */,
				FAE0AEE02F88D66800235B83 /* Model */,
				FAE0AEE72F88D66800235B83 /* View */,
				FAE0AEE92F88D66800235B83 /* Assets.xcassets */,
				FAE0AEEA2F88D66800235B83 /* Info.plist */,
				FA0DD1023020100000A6298C /* PrivacyInfo.xcprivacy */,
				FA0DD1003020000000A6298C /* Localizable.xcstrings */,
				FAE0AEEB2F88D66800235B83 /* Montserrat-VariableFont_wght.ttf */,
			);
			path = OhLuckyQuiz;
			sourceTree = "<group>";
		};
/* End PBXGroup section */

/* Begin PBXNativeTarget section */
		96E23336303E136F00FF3A36 /* OhLuckyQuizTests */ = {
			isa = PBXNativeTarget;
			buildConfigurationList = 96E2333D303E136F00FF3A36 /* Build configuration list for PBXNativeTarget "OhLuckyQuizTests" */;
			buildPhases = (
				96E23333303E136F00FF3A36 /* Sources */,
				96E23334303E136F00FF3A36 /* Frameworks */,
				96E23335303E136F00FF3A36 /* Resources */,
			);
			buildRules = (
			);
			dependencies = (
				96E2333C303E136F00FF3A36 /* PBXTargetDependency */,
			);
			fileSystemSynchronizedGroups = (
				96E23338303E136F00FF3A36 /* OhLuckyQuizTests */,
			);
			name = OhLuckyQuizTests;
			packageProductDependencies = (
			);
			productName = OhLuckyQuizTests;
			productReference = 96E23337303E136F00FF3A36 /* OhLuckyQuizTests.xctest */;
			productType = "com.apple.product-type.bundle.unit-test";
		};
		E951B62D2EA502B300526083 /* OhLuckyQuiz */ = {
			isa = PBXNativeTarget;
			buildConfigurationList = E951B6412EA502B400526083 /* Build configuration list for PBXNativeTarget "OhLuckyQuiz" */;
			buildPhases = (
				E951B62A2EA502B300526083 /* Sources */,
				E951B62B2EA502B300526083 /* Frameworks */,
				E951B62C2EA502B300526083 /* Resources */,
			);
			buildRules = (
			);
			dependencies = (
			);
			name = OhLuckyQuiz;
			packageProductDependencies = (
			);
			productName = ohLucky_Ivashin_2;
			productReference = E951B62E2EA502B300526083 /* OhLuckyQuiz.app */;
			productType = "com.apple.product-type.application";
		};
/* End PBXNativeTarget section */

/* Begin PBXProject section */
		E951B6262EA502B300526083 /* Project object */ = {
			isa = PBXProject;
			attributes = {
				BuildIndependentTargetsInParallel = 1;
				LastSwiftUpdateCheck = 2650;
				LastUpgradeCheck = 2650;
				TargetAttributes = {
					96E23336303E136F00FF3A36 = {
						CreatedOnToolsVersion = 26.5;
						TestTargetID = E951B62D2EA502B300526083;
					};
					E951B62D2EA502B300526083 = {
						CreatedOnToolsVersion = 26.0.1;
					};
				};
			};
			buildConfigurationList = E951B6292EA502B300526083 /* Build configuration list for PBXProject "OhLuckyQuiz" */;
			developmentRegion = en;
			hasScannedForEncodings = 0;
			knownRegions = (
				en,
				Base,
				ru,
			);
			mainGroup = E951B6252EA502B300526083;
			minimizedProjectReferenceProxies = 1;
			preferredProjectObjectVersion = 77;
			productRefGroup = E951B62F2EA502B300526083 /* Products */;
			projectDirPath = "";
			projectRoot = "";
			targets = (
				E951B62D2EA502B300526083 /* OhLuckyQuiz */,
				96E23336303E136F00FF3A36 /* OhLuckyQuizTests */,
			);
		};
/* End PBXProject section */

/* Begin PBXResourcesBuildPhase section */
		96E23335303E136F00FF3A36 /* Resources */ = {
			isa = PBXResourcesBuildPhase;
			buildActionMask = 2147483647;
			files = (
			);
			runOnlyForDeploymentPostprocessing = 0;
		};
		E951B62C2EA502B300526083 /* Resources */ = {
			isa = PBXResourcesBuildPhase;
			buildActionMask = 2147483647;
			files = (
				FA9BB73371665DAB12C9F446 /* correct.wav in Resources */,
				FA0CA761B09B0DEB63CF0685 /* gameover.wav in Resources */,
				FA31E6BC52C157C87B67283B /* tick.wav in Resources */,
				FAECE335515DE2058E5C828C /* wrong.wav in Resources */,
				FA0DD1263021200000A6298C /* offline_questions_en.json in Resources */,
				FA0DD1283021200000A6298C /* offline_questions_ru.json in Resources */,
				FAE0AEFB2F88D66800235B83 /* Assets.xcassets in Resources */,
				FA0DD1013020000000A6298C /* Localizable.xcstrings in Resources */,
				FA0DD1033020100000A6298C /* PrivacyInfo.xcprivacy in Resources */,
				FAE0AEFD2F88D66800235B83 /* Montserrat-VariableFont_wght.ttf in Resources */,
			);
			runOnlyForDeploymentPostprocessing = 0;
		};
/* End PBXResourcesBuildPhase section */

/* Begin PBXSourcesBuildPhase section */
		96E23333303E136F00FF3A36 /* Sources */ = {
			isa = PBXSourcesBuildPhase;
			buildActionMask = 2147483647;
			files = (
			);
			runOnlyForDeploymentPostprocessing = 0;
		};
		E951B62A2EA502B300526083 /* Sources */ = {
			isa = PBXSourcesBuildPhase;
			buildActionMask = 2147483647;
			files = (
				FAF1125ECB7D6B0276736562 /* AppLinks.swift in Sources */,
				FA465CF13049748900F6F4E8 /* UIButton + Ext.swift in Sources */,
				FA151414EAF9C9A89FA974D8 /* Achievement.swift in Sources */,
				FACD296C6A42731EC14E68CD /* Haptics.swift in Sources */,
				FA4DACF7BB7A804F7B81AD98 /* SoundPlayer.swift in Sources */,
				FA03D594AA9889A0780A4B49 /* AppSettings.swift in Sources */,
				FA0DD00C3012948300A6298C /* QuizCategory.swift in Sources */,
				FA0DD0013011041500A6298C /* Int + Ext.swift in Sources */,
				FA0DD1113021100000A6298C /* UIView + Ext.swift in Sources */,
				FA0DD1203021200000A6298C /* AppLanguage.swift in Sources */,
				FA0DD1223021200000A6298C /* SettingsView.swift in Sources */,
				FA0DD1243021200000A6298C /* SettingsViewController.swift in Sources */,
				FAE0AEEE2F88D66800235B83 /* AnswerCell.swift in Sources */,
				FA0DD04D3012A7B100A6298C /* StatisticsViewController.swift in Sources */,
				FA465CEF3049747900F6F4E8 /* ScrollableCardsView.swift in Sources */,
				FAE0AEEF2F88D66800235B83 /* GameViewController.swift in Sources */,
				FA0DD0513012A7CC00A6298C /* StatisticsView.swift in Sources */,
				FAE0AEF02F88D66800235B83 /* MenuController.swift in Sources */,
				FA465CF33049BD2300F6F4E8 /* QuestionSource.swift in Sources */,
				FAE0AEF12F88D66800235B83 /* Label + Ext.swift in Sources */,
				FAE0AEF22F88D66800235B83 /* UiColor.swift in Sources */,
				FA0DD04F3012A7C400A6298C /* QuizStats.swift in Sources */,
				FAE0AEF32F88D66800235B83 /* Question.swift in Sources */,
				FAE0AEF42F88D66800235B83 /* APIClient.swift in Sources */,
				FA465CF83049BD4F00F6F4E8 /* SourceInfoViewController.swift in Sources */,
				FA465CFB3049BD6500F6F4E8 /* SourceInfoView.swift in Sources */,
				FA465CF93049BD4F00F6F4E8 /* OnboardingViewController.swift in Sources */,
				FA465CF53049BD3E00F6F4E8 /* OnboardingView.swift in Sources */,
				FAE0AEF52F88D66800235B83 /* APIError.swift in Sources */,
				FAE0AEF62F88D66800235B83 /* QuestionNetworkService.swift in Sources */,
				FAE0AEF72F88D66800235B83 /* GameView.swift in Sources */,
				FAE0AEF82F88D66800235B83 /* MenuView.swift in Sources */,
				FAE0AEF92F88D66800235B83 /* AppDelegate.swift in Sources */,
				FA87D67B2FEE55C600E6E8A4 /* QuizGame.swift in Sources */,
				FAE0AEFF2F88D94E00235B83 /* NetworkModel.swift in Sources */,
				FAE0AEFA2F88D66800235B83 /* SceneDelegate.swift in Sources */,
				FA0DD00E3012949D00A6298C /* CategoryCell.swift in Sources */,
				FA0DD012301294BE00A6298C /* CategoryView.swift in Sources */,
				851DF131707041D7A7BC0E7F /* ResultView.swift in Sources */,
				FA0DD00730110F5500A6298C /* OfflineQuestionProvider.swift in Sources */,
				FA0DD010301294AC00A6298C /* CategoryViewController.swift in Sources */,
				EFF1481D9E204A54897920A8 /* ResultViewController.swift in Sources */,
			);
			runOnlyForDeploymentPostprocessing = 0;
		};
/* End PBXSourcesBuildPhase section */

/* Begin PBXTargetDependency section */
		96E2333C303E136F00FF3A36 /* PBXTargetDependency */ = {
			isa = PBXTargetDependency;
			target = E951B62D2EA502B300526083 /* OhLuckyQuiz */;
			targetProxy = 96E2333B303E136F00FF3A36 /* PBXContainerItemProxy */;
		};
/* End PBXTargetDependency section */

/* Begin XCBuildConfiguration section */
		96E2333E303E136F00FF3A36 /* Debug */ = {
			isa = XCBuildConfiguration;
			buildSettings = {
				BUNDLE_LOADER = "$(TEST_HOST)";
				CODE_SIGN_STYLE = Automatic;
				CURRENT_PROJECT_VERSION = 1;
				DEVELOPMENT_TEAM = 3JLVZQ95T8;
				GENERATE_INFOPLIST_FILE = YES;
				IPHONEOS_DEPLOYMENT_TARGET = 17.0;
				MARKETING_VERSION = 1.0;
				PRODUCT_BUNDLE_IDENTIFIER = com.ohLucky.OhLuckyQuizTests;
				PRODUCT_NAME = "$(TARGET_NAME)";
				STRING_CATALOG_GENERATE_SYMBOLS = NO;
				SWIFT_APPROACHABLE_CONCURRENCY = YES;
				SWIFT_EMIT_LOC_STRINGS = NO;
				SWIFT_UPCOMING_FEATURE_MEMBER_IMPORT_VISIBILITY = YES;
				SWIFT_VERSION = 5.0;
				TARGETED_DEVICE_FAMILY = "1,2";
				TEST_HOST = "$(BUILT_PRODUCTS_DIR)/OhLuckyQuiz.app/$(BUNDLE_EXECUTABLE_FOLDER_PATH)/OhLuckyQuiz";
			};
			name = Debug;
		};
		96E2333F303E136F00FF3A36 /* Release */ = {
			isa = XCBuildConfiguration;
			buildSettings = {
				BUNDLE_LOADER = "$(TEST_HOST)";
				CODE_SIGN_STYLE = Automatic;
				CURRENT_PROJECT_VERSION = 1;
				DEVELOPMENT_TEAM = 3JLVZQ95T8;
				GENERATE_INFOPLIST_FILE = YES;
				IPHONEOS_DEPLOYMENT_TARGET = 17.0;
				MARKETING_VERSION = 1.0;
				PRODUCT_BUNDLE_IDENTIFIER = com.ohLucky.OhLuckyQuizTests;
				PRODUCT_NAME = "$(TARGET_NAME)";
				STRING_CATALOG_GENERATE_SYMBOLS = NO;
				SWIFT_APPROACHABLE_CONCURRENCY = YES;
				SWIFT_EMIT_LOC_STRINGS = NO;
				SWIFT_UPCOMING_FEATURE_MEMBER_IMPORT_VISIBILITY = YES;
				SWIFT_VERSION = 5.0;
				TARGETED_DEVICE_FAMILY = "1,2";
				TEST_HOST = "$(BUILT_PRODUCTS_DIR)/OhLuckyQuiz.app/$(BUNDLE_EXECUTABLE_FOLDER_PATH)/OhLuckyQuiz";
			};
			name = Release;
		};
		E951B6422EA502B400526083 /* Debug */ = {
			isa = XCBuildConfiguration;
			buildSettings = {
				ASSETCATALOG_COMPILER_APPICON_NAME = AppIcon;
				ASSETCATALOG_COMPILER_GLOBAL_ACCENT_COLOR_NAME = AccentColor;
				CODE_SIGN_STYLE = Automatic;
				CURRENT_PROJECT_VERSION = 1;
				DEVELOPMENT_TEAM = 3JLVZQ95T8;
				GENERATE_INFOPLIST_FILE = YES;
				INFOPLIST_FILE = OhLuckyQuiz/Info.plist;
				INFOPLIST_KEY_CFBundleDisplayName = "Oh Lucky";
				INFOPLIST_KEY_CFBundleName = "Oh Lucky";
				INFOPLIST_KEY_UIApplicationSupportsIndirectInputEvents = YES;
				INFOPLIST_KEY_UISupportedInterfaceOrientations_iPad = "UIInterfaceOrientationPortrait UIInterfaceOrientationPortraitUpsideDown UIInterfaceOrientationLandscapeLeft UIInterfaceOrientationLandscapeRight";
				INFOPLIST_KEY_UISupportedInterfaceOrientations_iPhone = UIInterfaceOrientationPortrait;
				INFOPLIST_KEY_UIUserInterfaceStyle = Light;
				IPHONEOS_DEPLOYMENT_TARGET = 17.0;
				LD_RUNPATH_SEARCH_PATHS = (
					"$(inherited)",
					"@executable_path/Frameworks",
				);
				MARKETING_VERSION = 1.0;
				PRODUCT_BUNDLE_IDENTIFIER = com.ohLucky.quiz;
				PRODUCT_NAME = "$(TARGET_NAME)";
				STRING_CATALOG_GENERATE_SYMBOLS = YES;
				SWIFT_APPROACHABLE_CONCURRENCY = YES;
				SWIFT_DEFAULT_ACTOR_ISOLATION = MainActor;
				SWIFT_EMIT_LOC_STRINGS = YES;
				SWIFT_UPCOMING_FEATURE_MEMBER_IMPORT_VISIBILITY = YES;
				SWIFT_VERSION = 5.0;
				TARGETED_DEVICE_FAMILY = "1,2";
			};
			name = Debug;
		};
		E951B6432EA502B400526083 /* Release */ = {
			isa = XCBuildConfiguration;
			buildSettings = {
				ASSETCATALOG_COMPILER_APPICON_NAME = AppIcon;
				ASSETCATALOG_COMPILER_GLOBAL_ACCENT_COLOR_NAME = AccentColor;
				CODE_SIGN_STYLE = Automatic;
				CURRENT_PROJECT_VERSION = 1;
				DEVELOPMENT_TEAM = 3JLVZQ95T8;
				GENERATE_INFOPLIST_FILE = YES;
				INFOPLIST_FILE = OhLuckyQuiz/Info.plist;
				INFOPLIST_KEY_CFBundleDisplayName = "Oh Lucky";
				INFOPLIST_KEY_CFBundleName = "Oh Lucky";
				INFOPLIST_KEY_UIApplicationSupportsIndirectInputEvents = YES;
				INFOPLIST_KEY_UISupportedInterfaceOrientations_iPad = "UIInterfaceOrientationPortrait UIInterfaceOrientationPortraitUpsideDown UIInterfaceOrientationLandscapeLeft UIInterfaceOrientationLandscapeRight";
				INFOPLIST_KEY_UISupportedInterfaceOrientations_iPhone = UIInterfaceOrientationPortrait;
				INFOPLIST_KEY_UIUserInterfaceStyle = Light;
				IPHONEOS_DEPLOYMENT_TARGET = 17.0;
				LD_RUNPATH_SEARCH_PATHS = (
					"$(inherited)",
					"@executable_path/Frameworks",
				);
				MARKETING_VERSION = 1.0;
				PRODUCT_BUNDLE_IDENTIFIER = com.ohLucky.quiz;
				PRODUCT_NAME = "$(TARGET_NAME)";
				STRING_CATALOG_GENERATE_SYMBOLS = YES;
				SWIFT_APPROACHABLE_CONCURRENCY = YES;
				SWIFT_DEFAULT_ACTOR_ISOLATION = MainActor;
				SWIFT_EMIT_LOC_STRINGS = YES;
				SWIFT_UPCOMING_FEATURE_MEMBER_IMPORT_VISIBILITY = YES;
				SWIFT_VERSION = 5.0;
				TARGETED_DEVICE_FAMILY = "1,2";
			};
			name = Release;
		};
		E951B6442EA502B400526083 /* Debug */ = {
			isa = XCBuildConfiguration;
			buildSettings = {
				ALWAYS_SEARCH_USER_PATHS = NO;
				ASSETCATALOG_COMPILER_GENERATE_SWIFT_ASSET_SYMBOL_EXTENSIONS = YES;
				CLANG_ANALYZER_LOCALIZABILITY_NONLOCALIZED = YES;
				CLANG_ANALYZER_NONNULL = YES;
				CLANG_ANALYZER_NUMBER_OBJECT_CONVERSION = YES_AGGRESSIVE;
				CLANG_CXX_LANGUAGE_STANDARD = "gnu++20";
				CLANG_ENABLE_MODULES = YES;
				CLANG_ENABLE_OBJC_ARC = YES;
				CLANG_ENABLE_OBJC_WEAK = YES;
				CLANG_WARN_BLOCK_CAPTURE_AUTORELEASING = YES;
				CLANG_WARN_BOOL_CONVERSION = YES;
				CLANG_WARN_COMMA = YES;
				CLANG_WARN_CONSTANT_CONVERSION = YES;
				CLANG_WARN_DEPRECATED_OBJC_IMPLEMENTATIONS = YES;
				CLANG_WARN_DIRECT_OBJC_ISA_USAGE = YES_ERROR;
				CLANG_WARN_DOCUMENTATION_COMMENTS = YES;
				CLANG_WARN_EMPTY_BODY = YES;
				CLANG_WARN_ENUM_CONVERSION = YES;
				CLANG_WARN_INFINITE_RECURSION = YES;
				CLANG_WARN_INT_CONVERSION = YES;
				CLANG_WARN_NON_LITERAL_NULL_CONVERSION = YES;
				CLANG_WARN_OBJC_IMPLICIT_RETAIN_SELF = YES;
				CLANG_WARN_OBJC_LITERAL_CONVERSION = YES;
				CLANG_WARN_OBJC_ROOT_CLASS = YES_ERROR;
				CLANG_WARN_QUOTED_INCLUDE_IN_FRAMEWORK_HEADER = YES;
				CLANG_WARN_RANGE_LOOP_ANALYSIS = YES;
				CLANG_WARN_STRICT_PROTOTYPES = YES;
				CLANG_WARN_SUSPICIOUS_MOVE = YES;
				CLANG_WARN_UNGUARDED_AVAILABILITY = YES_AGGRESSIVE;
				CLANG_WARN_UNREACHABLE_CODE = YES;
				CLANG_WARN__DUPLICATE_METHOD_MATCH = YES;
				COPY_PHASE_STRIP = NO;
				DEBUG_INFORMATION_FORMAT = dwarf;
				DEVELOPMENT_TEAM = BJSCG5463N;
				ENABLE_STRICT_OBJC_MSGSEND = YES;
				ENABLE_TESTABILITY = YES;
				ENABLE_USER_SCRIPT_SANDBOXING = YES;
				GCC_C_LANGUAGE_STANDARD = gnu17;
				GCC_DYNAMIC_NO_PIC = NO;
				GCC_NO_COMMON_BLOCKS = YES;
				GCC_OPTIMIZATION_LEVEL = 0;
				GCC_PREPROCESSOR_DEFINITIONS = (
					"DEBUG=1",
					"$(inherited)",
				);
				GCC_WARN_64_TO_32_BIT_CONVERSION = YES;
				GCC_WARN_ABOUT_RETURN_TYPE = YES_ERROR;
				GCC_WARN_UNDECLARED_SELECTOR = YES;
				GCC_WARN_UNINITIALIZED_AUTOS = YES_AGGRESSIVE;
				GCC_WARN_UNUSED_FUNCTION = YES;
				GCC_WARN_UNUSED_VARIABLE = YES;
				IPHONEOS_DEPLOYMENT_TARGET = 17.0;
				LOCALIZATION_PREFERS_STRING_CATALOGS = YES;
				MTL_ENABLE_DEBUG_INFO = INCLUDE_SOURCE;
				MTL_FAST_MATH = YES;
				ONLY_ACTIVE_ARCH = YES;
				SDKROOT = iphoneos;
				STRING_CATALOG_GENERATE_SYMBOLS = YES;
				SWIFT_ACTIVE_COMPILATION_CONDITIONS = "DEBUG $(inherited)";
				SWIFT_OPTIMIZATION_LEVEL = "-Onone";
			};
			name = Debug;
		};
		E951B6452EA502B400526083 /* Release */ = {
			isa = XCBuildConfiguration;
			buildSettings = {
				ALWAYS_SEARCH_USER_PATHS = NO;
				ASSETCATALOG_COMPILER_GENERATE_SWIFT_ASSET_SYMBOL_EXTENSIONS = YES;
				CLANG_ANALYZER_LOCALIZABILITY_NONLOCALIZED = YES;
				CLANG_ANALYZER_NONNULL = YES;
				CLANG_ANALYZER_NUMBER_OBJECT_CONVERSION = YES_AGGRESSIVE;
				CLANG_CXX_LANGUAGE_STANDARD = "gnu++20";
				CLANG_ENABLE_MODULES = YES;
				CLANG_ENABLE_OBJC_ARC = YES;
				CLANG_ENABLE_OBJC_WEAK = YES;
				CLANG_WARN_BLOCK_CAPTURE_AUTORELEASING = YES;
				CLANG_WARN_BOOL_CONVERSION = YES;
				CLANG_WARN_COMMA = YES;
				CLANG_WARN_CONSTANT_CONVERSION = YES;
				CLANG_WARN_DEPRECATED_OBJC_IMPLEMENTATIONS = YES;
				CLANG_WARN_DIRECT_OBJC_ISA_USAGE = YES_ERROR;
				CLANG_WARN_DOCUMENTATION_COMMENTS = YES;
				CLANG_WARN_EMPTY_BODY = YES;
				CLANG_WARN_ENUM_CONVERSION = YES;
				CLANG_WARN_INFINITE_RECURSION = YES;
				CLANG_WARN_INT_CONVERSION = YES;
				CLANG_WARN_NON_LITERAL_NULL_CONVERSION = YES;
				CLANG_WARN_OBJC_IMPLICIT_RETAIN_SELF = YES;
				CLANG_WARN_OBJC_LITERAL_CONVERSION = YES;
				CLANG_WARN_OBJC_ROOT_CLASS = YES_ERROR;
				CLANG_WARN_QUOTED_INCLUDE_IN_FRAMEWORK_HEADER = YES;
				CLANG_WARN_RANGE_LOOP_ANALYSIS = YES;
				CLANG_WARN_STRICT_PROTOTYPES = YES;
				CLANG_WARN_SUSPICIOUS_MOVE = YES;
				CLANG_WARN_UNGUARDED_AVAILABILITY = YES_AGGRESSIVE;
				CLANG_WARN_UNREACHABLE_CODE = YES;
				CLANG_WARN__DUPLICATE_METHOD_MATCH = YES;
				COPY_PHASE_STRIP = NO;
				DEBUG_INFORMATION_FORMAT = "dwarf-with-dsym";
				DEVELOPMENT_TEAM = BJSCG5463N;
				ENABLE_NS_ASSERTIONS = NO;
				ENABLE_STRICT_OBJC_MSGSEND = YES;
				ENABLE_USER_SCRIPT_SANDBOXING = YES;
				GCC_C_LANGUAGE_STANDARD = gnu17;
				GCC_NO_COMMON_BLOCKS = YES;
				GCC_WARN_64_TO_32_BIT_CONVERSION = YES;
				GCC_WARN_ABOUT_RETURN_TYPE = YES_ERROR;
				GCC_WARN_UNDECLARED_SELECTOR = YES;
				GCC_WARN_UNINITIALIZED_AUTOS = YES_AGGRESSIVE;
				GCC_WARN_UNUSED_FUNCTION = YES;
				GCC_WARN_UNUSED_VARIABLE = YES;
				IPHONEOS_DEPLOYMENT_TARGET = 17.0;
				LOCALIZATION_PREFERS_STRING_CATALOGS = YES;
				MTL_ENABLE_DEBUG_INFO = NO;
				MTL_FAST_MATH = YES;
				SDKROOT = iphoneos;
				STRING_CATALOG_GENERATE_SYMBOLS = YES;
				SWIFT_COMPILATION_MODE = wholemodule;
				VALIDATE_PRODUCT = YES;
			};
			name = Release;
		};
/* End XCBuildConfiguration section */

/* Begin XCConfigurationList section */
		96E2333D303E136F00FF3A36 /* Build configuration list for PBXNativeTarget "OhLuckyQuizTests" */ = {
			isa = XCConfigurationList;
			buildConfigurations = (
				96E2333E303E136F00FF3A36 /* Debug */,
				96E2333F303E136F00FF3A36 /* Release */,
			);
			defaultConfigurationIsVisible = 0;
			defaultConfigurationName = Release;
		};
		E951B6292EA502B300526083 /* Build configuration list for PBXProject "OhLuckyQuiz" */ = {
			isa = XCConfigurationList;
			buildConfigurations = (
				E951B6442EA502B400526083 /* Debug */,
				E951B6452EA502B400526083 /* Release */,
			);
			defaultConfigurationIsVisible = 0;
			defaultConfigurationName = Release;
		};
		E951B6412EA502B400526083 /* Build configuration list for PBXNativeTarget "OhLuckyQuiz" */ = {
			isa = XCConfigurationList;
			buildConfigurations = (
				E951B6422EA502B400526083 /* Debug */,
				E951B6432EA502B400526083 /* Release */,
			);
			defaultConfigurationIsVisible = 0;
			defaultConfigurationName = Release;
		};
/* End XCConfigurationList section */
	};
	rootObject = E951B6262EA502B300526083 /* Project object */;
}
